<Solution>
  <Project Path="WerwolfDotnet.Server/WerwolfDotnet.Server.csproj" />
  <Folder Name="/Solution Files/">
    <File Path="LICENSE.txt" />
    <File Path="README.md" />
  </Folder>
  <Project Path="WerwolfDotnet.Client/WerwolfDotnet.Client.esproj" />
  <Project Path="WerwolfDotnet/WerwolfDotnet.csproj" />
</Solution>
